
Microsoft Visual Studio Solution File, Format Version 12.00
# Visual Studio Version 16
VisualStudioVersion = 16.0.29215.179
MinimumVisualStudioVersion = 10.0.40219.1
Project("{FAE04EC0-301F-11D3-BF4B-00C04F79EFBC}") = "Gissa-tal", "Gissa-tal\Gissa-tal.csproj", "{B3775BE4-1CFB-4ED5-B5B3-681251B4CFDA}"
EndProject
Global
	GlobalSection(SolutionConfigurationPlatforms) = preSolution
		Debug|Any CPU = Debug|Any CPU
		Release|Any CPU = Release|Any CPU
	EndGlobalSection
	GlobalSection(ProjectConfigurationPlatforms) = postSolution
		{B3775BE4-1CFB-4ED5-B5B3-681251B4CFDA}.Debug|Any CPU.ActiveCfg = Debug|Any CPU
		{B3775BE4-1CFB-4ED5-B5B3-681251B4CFDA}.Debug|Any CPU.Build.0 = Debug|Any CPU
		{B3775BE4-1CFB-4ED5-B5B3-681251B4CFDA}.Release|Any CPU.ActiveCfg = Release|Any CPU
		{B3775BE4-1CFB-4ED5-B5B3-681251B4CFDA}.Release|Any CPU.Build.0 = Release|Any CPU
	EndGlobalSection
	GlobalSection(SolutionProperties) = preSolution
		HideSolutionNode = FALSE
	EndGlobalSection
	GlobalSection(ExtensibilityGlobals) = postSolution
		SolutionGuid = {4DC251A1-DE8D-46A7-AAF4-E22335C91479}
	EndGlobalSection
EndGlobal
